// !$*UTF8*$!
{
	archiveVersion = 1;
	classes = {
	};
	objectVersion = 46;
	objects = {

/* Begin PBXBuildFile section */
		CE257DEE1EF915F1004E9511 /* AppDelegate.swift in Sources */ = {isa = PBXBuildFile; fileRef = CE257DED1EF915F1004E9511 /* AppDelegate.swift */; };
		CE257DF01EF915F1004E9511 /* FirstViewController.swift in Sources */ = {isa = PBXBuildFile; fileRef = CE257DEF1EF915F1004E9511 /* FirstViewController.swift */; };
		CE257DF21EF915F1004E9511 /* SecondViewController.swift in Sources */ = {isa = PBXBuildFile; fileRef = CE257DF11EF915F1004E9511 /* SecondViewController.swift */; };
		CE257DF51EF915F1004E9511 /* Main.storyboard in Resources */ = {isa = PBXBuildFile; fileRef = CE257DF31EF915F1004E9511 /* Main.storyboard */; };
		CE257DF71EF915F1004E9511 /* Assets.xcassets in Resources */ = {isa = PBXBuildFile; fileRef = CE257DF61EF915F1004E9511 /* Assets.xcassets */; };
		CE257DFA1EF915F1004E9511 /* LaunchScreen.storyboard in Resources */ = {isa = PBXBuildFile; fileRef = CE257DF81EF915F1004E9511 /* LaunchScreen.storyboard */; };
		CE257E051EF915F1004E9511 /* ToDoTests.swift in Sources */ = {isa = PBXBuildFile; fileRef = CE257E041EF915F1004E9511 /* ToDoTests.swift */; };
/* End PBXBuildFile section */

/* Begin PBXContainerItemProxy section */
		CE257E011EF915F1004E9511 /* PBXContainerItemProxy */ = {
			isa = PBXContainerItemProxy;
			containerPortal = CE257DE21EF915F1004E9511 /* Project object */;
			proxyType = 1;
			remoteGlobalIDString = CE257DE91EF915F1004E9511;
			remoteInfo = ToDo;
		};
/* End PBXContainerItemProxy section */

/* Begin PBXFileReference section */
		CE257DEA1EF915F1004E9511 /* ToDo.app */ = {isa = PBXFileReference; explicitFileType = wrapper.application; includeInIndex = 0; path = ToDo.app; sourceTree = BUILT_PRODUCTS_DIR; };
		CE257DED1EF915F1004E9511 /* AppDelegate.swift */ = {isa = PBXFileReference; lastKnownFileType = sourcecode.swift; path = AppDelegate.swift; sourceTree = "<group>"; };
		CE257DEF1EF915F1004E9511 /* FirstViewController.swift */ = {isa = PBXFileReference; lastKnownFileType = sourcecode.swift; path = FirstViewController.swift; sourceTree = "<group>"; };
		CE257DF11EF915F1004E9511 /* SecondViewController.swift */ = {isa = PBXFileReference; lastKnownFileType = sourcecode.swift; path = SecondViewController.swift; sourceTree = "<group>"; };
		CE257DF41EF915F1004E9511 /* Base */ = {isa = PBXFileReference; lastKnownFileType = file.storyboard; name = Base; path = Base.lproj/Main.storyboard; sourceTree = "<group>"; };
		CE257DF61EF915F1004E9511 /* Assets.xcassets */ = {isa = PBXFileReference; lastKnownFileType = folder.assetcatalog; path = Assets.xcassets; sourceTree = "<group>"; };
		CE257DF91EF915F1004E9511 /* Base */ = {isa = PBXFileReference; lastKnownFileType = file.storyboard; name = Base; path = Base.lproj/LaunchScreen.storyboard; sourceTree = "<group>"; };
		CE257DFB1EF915F1004E9511 /* Info.plist */ = {isa = PBXFileReference; lastKnownFileType = text.plist.xml; path = Info.plist; sourceTree = "<group>"; };
		CE257E001EF915F1004E9511 /* ToDoTests.xctest */ = {isa = PBXFileReference; explicitFileType = wrapper.cfbundle; includeInIndex = 0; path = ToDoTests.xctest; sourceTree = BUILT_PRODUCTS_DIR; };
		CE257E041EF915F1004E9511 /* ToDoTests.swift */ = {isa = PBXFileReference; lastKnownFileType = sourcecode.swift; path = ToDoTests.swift; sourceTree = "<group>"; };
		CE257E061EF915F1004E9511 /* Info.plist */ = {isa = PBXFileReference; lastKnownFileType = text.plist.xml; path = Info.plist; sourceTree = "<group>"; };
/* End PBXFileReference section */

/* Begin PBXFrameworksBuildPhase section */
		CE257DE71EF915F1004E9511 /* Frameworks */ = {
			isa = PBXFrameworksBuildPhase;
			buildActionMask = 2147483647;
			files = (
			);
			runOnlyForDeploymentPostprocessing = 0;
		};
		CE257DFD1EF915F1004E9511 /* Frameworks */ = {
			isa = PBXFrameworksBuildPhase;
			buildActionMask = 2147483647;
			files = (
			);
			runOnlyForDeploymentPostprocessing = 0;
		};
/* End PBXFrameworksBuildPhase section */

/* Begin PBXGroup section */
		CE257DE11EF915F1004E9511 = {
			isa = PBXGroup;
			children = (
				CE257DEC1EF915F1004E9511 /* ToDo */,
				CE257E031EF915F1004E9511 /* ToDoTests */,
				CE257DEB1EF915F1004E9511 /* Products */,
			);
			sourceTree = "<group>";
		};
		CE257DEB1EF915F1004E9511 /* Products */ = {
			isa = PBXGroup;
			children = (
				CE257DEA1EF915F1004E9511 /* ToDo.app */,
				CE257E001EF915F1004E9511 /* ToDoTests.xctest */,
			);
			name = Products;
			sourceTree = "<group>";
		};
		CE257DEC1EF915F1004E9511 /* ToDo */ = {
			isa = PBXGroup;
			children = (
				CE257DED1EF915F1004E9511 /* AppDelegate.swift */,
				CE257DEF1EF915F1004E9511 /* FirstViewController.swift */,
				CE257DF11EF915F1004E9511 /* SecondViewController.swift */,
				CE257DF31EF915F1004E9511 /* Main.storyboard */,
				CE257DF61EF915F1004E9511 /* Assets.xcassets */,
				CE257DF81EF915F1004E9511 /* LaunchScreen.storyboard */,
				CE257DFB1EF915F1004E9511 /* Info.plist */,
			);
			path = ToDo;
			sourceTree = "<group>";
		};
		CE257E031EF915F1004E9511 /* ToDoTests */ = {
			isa = PBXGroup;
			children = (
				CE257E041EF915F1004E9511 /* ToDoTests.swift */,
				CE257E061EF915F1004E9511 /* Info.plist */,
			);
			path = ToDoTests;
			sourceTree = "<group>";
		};
/* End PBXGroup section */

/* Begin PBXNativeTarget section */
		CE257DE91EF915F1004E9511 /* ToDo */ = {
			isa = PBXNativeTarget;
			buildConfigurationList = CE257E091EF915F1004E9511 /* Build configuration list for PBXNativeTarget "ToDo" */;
			buildPhases = (
				CE257DE61EF915F1004E9511 /* Sources */,
				CE257DE71EF915F1004E9511 /* Frameworks */,
				CE257DE81EF915F1004E9511 /* Resources */,
			);
			buildRules = (
			);
			dependencies = (
			);
			name = ToDo;
			productName = ToDo;
			productReference = CE257DEA1EF915F1004E9511 /* ToDo.app */;
			productType = "com.apple.product-type.application";
		};
		CE257DFF1EF915F1004E9511 /* ToDoTests */ = {
			isa = PBXNativeTarget;
			buildConfigurationList = CE257E0C1EF915F1004E9511 /* Build configuration list for PBXNativeTarget "ToDoTests" */;
			buildPhases = (
				CE257DFC1EF915F1004E9511 /* Sources */,
				CE257DFD1EF915F1004E9511 /* Frameworks */,
				CE257DFE1EF915F1004E9511 /* Resources */,
			);
			buildRules = (
			);
			dependencies = (
				CE257E021EF915F1004E9511 /* PBXTargetDependency */,
			);
			name = ToDoTests;
			productName = ToDoTests;
			productReference = CE257E001EF915F1004E9511 /* ToDoTests.xctest */;
			productType = "com.apple.product-type.bundle.unit-test";
		};
/* End PBXNativeTarget section */

/* Begin PBXProject section */
		CE257DE21EF915F1004E9511 /* Project object */ = {
			isa = PBXProject;
			attributes = {
				LastSwiftUpdateCheck = 0800;
				LastUpgradeCheck = 0800;
				ORGANIZATIONNAME = "Bill Proudfoot";
				TargetAttributes = {
					CE257DE91EF915F1004E9511 = {
						CreatedOnToolsVersion = 8.0;
						DevelopmentTeam = 8539ME5Z8R;
						ProvisioningStyle = Automatic;
					};
					CE257DFF1EF915F1004E9511 = {
						CreatedOnToolsVersion = 8.0;
						DevelopmentTeam = 8539ME5Z8R;
						ProvisioningStyle = Automatic;
						TestTargetID = CE257DE91EF915F1004E9511;
					};
				};
			};
			buildConfigurationList = CE257DE51EF915F1004E9511 /* Build configuration list for PBXProject "ToDo" */;
			compatibilityVersion = "Xcode 3.2";
			developmentRegion = English;
			hasScannedForEncodings = 0;
			knownRegions = (
				en,
				Base,
			);
			mainGroup = CE257DE11EF915F1004E9511;
			productRefGroup = CE257DEB1EF915F1004E9511 /* Products */;
			projectDirPath = "";
			projectRoot = "";
			targets = (
				CE257DE91EF915F1004E9511 /* ToDo */,
				CE257DFF1EF915F1004E9511 /* ToDoTests */,
			);
		};
/* End PBXProject section */

/* Begin PBXResourcesBuildPhase section */
		CE257DE81EF915F1004E9511 /* Resources */ = {
			isa = PBXResourcesBuildPhase;
			buildActionMask = 2147483647;
			files = (
				CE257DFA1EF915F1004E9511 /* LaunchScreen.storyboard in Resources */,
				CE257DF71EF915F1004E9511 /* Assets.xcassets in Resources */,
				CE257DF51EF915F1004E9511 /* Main.storyboard in Resources */,
			);
			runOnlyForDeploymentPostprocessing = 0;
		};
		CE257DFE1EF915F1004E9511 /* Resources */ = {
			isa = PBXResourcesBuildPhase;
			buildActionMask = 2147483647;
			files = (
			);
			runOnlyForDeploymentPostprocessing = 0;
		};
/* End PBXResourcesBuildPhase section */

/* Begin PBXSourcesBuildPhase section */
		CE257DE61EF915F1004E9511 /* Sources */ = {
			isa = PBXSourcesBuildPhase;
			buildActionMask = 2147483647;
			files = (
				CE257DF21EF915F1004E9511 /* SecondViewController.swift in Sources */,
				CE257DEE1EF915F1004E9511 /* AppDelegate.swift in Sources */,
				CE257DF01EF915F1004E9511 /* FirstViewController.swift in Sources */,
			);
			runOnlyForDeploymentPostprocessing = 0;
		};
		CE257DFC1EF915F1004E9511 /* Sources */ = {
			isa = PBXSourcesBuildPhase;
			buildActionMask = 2147483647;
			files = (
				CE257E051EF915F1004E9511 /* ToDoTests.swift in Sources */,
			);
			runOnlyForDeploymentPostprocessing = 0;
		};
/* End PBXSourcesBuildPhase section */

/* Begin PBXTargetDependency section */
		CE257E021EF915F1004E9511 /* PBXTargetDependency */ = {
			isa = PBXTargetDependency;
			target = CE257DE91EF915F1004E9511 /* ToDo */;
			targetProxy = CE257E011EF915F1004E9511 /* PBXContainerItemProxy */;
		};
/* End PBXTargetDependency section */

/* Begin PBXVariantGroup section */
		CE257DF31EF915F1004E9511 /* Main.storyboard */ = {
			isa = PBXVariantGroup;
			children = (
				CE257DF41EF915F1004E9511 /* Base */,
			);
			name = Main.storyboard;
			sourceTree = "<group>";
		};
		CE257DF81EF915F1004E9511 /* LaunchScreen.storyboard */ = {
			isa = PBXVariantGroup;
			children = (
				CE257DF91EF915F1004E9511 /* Base */,
			);
			name = LaunchScreen.storyboard;
			sourceTree = "<group>";
		};
/* End PBXVariantGroup section */

/* Begin XCBuildConfiguration section */
		CE257E071EF915F1004E9511 /* Debug */ = {
			isa = XCBuildConfiguration;
			buildSettings = {
				ALWAYS_SEARCH_USER_PATHS = NO;
				CLANG_ANALYZER_NONNULL = YES;
				CLANG_CXX_LANGUAGE_STANDARD = "gnu++0x";
				CLANG_CXX_LIBRARY = "libc++";
				CLANG_ENABLE_MODULES = YES;
				CLANG_ENABLE_OBJC_ARC = YES;
				CLANG_WARN_BOOL_CONVERSION = YES;
				CLANG_WARN_CONSTANT_CONVERSION = YES;
				CLANG_WARN_DIRECT_OBJC_ISA_USAGE = YES_ERROR;
				CLANG_WARN_DOCUMENTATION_COMMENTS = YES;
				CLANG_WARN_EMPTY_BODY = YES;
				CLANG_WARN_ENUM_CONVERSION = YES;
				CLANG_WARN_INFINITE_RECURSION = YES;
				CLANG_WARN_INT_CONVERSION = YES;
				CLANG_WARN_OBJC_ROOT_CLASS = YES_ERROR;
				CLANG_WARN_SUSPICIOUS_MOVES = YES;
				CLANG_WARN_UNREACHABLE_CODE = YES;
				CLANG_WARN__DUPLICATE_METHOD_MATCH = YES;
				"CODE_SIGN_IDENTITY[sdk=iphoneos*]" = "iPhone Developer";
				COPY_PHASE_STRIP = NO;
				DEBUG_INFORMATION_FORMAT = dwarf;
				ENABLE_STRICT_OBJC_MSGSEND = YES;
				ENABLE_TESTABILITY = YES;
				GCC_C_LANGUAGE_STANDARD = gnu99;
				GCC_DYNAMIC_NO_PIC = NO;
				GCC_NO_COMMON_BLOCKS = YES;
				GCC_OPTIMIZATION_LEVEL = 0;
				GCC_PREPROCESSOR_DEFINITIONS = (
					"DEBUG=1",
					"$(inherited)",
				);
				GCC_WARN_64_TO_32_BIT_CONVERSION = YES;
				GCC_WARN_ABOUT_RETURN_TYPE = YES_ERROR;
				GCC_WARN_UNDECLARED_SELECTOR = YES;
				GCC_WARN_UNINITIALIZED_AUTOS = YES_AGGRESSIVE;
				GCC_WARN_UNUSED_FUNCTION = YES;
				GCC_WARN_UNUSED_VARIABLE = YES;
				IPHONEOS_DEPLOYMENT_TARGET = 10.0;
				MTL_ENABLE_DEBUG_INFO = YES;
				ONLY_ACTIVE_ARCH = YES;
				SDKROOT = iphoneos;
				SWIFT_ACTIVE_COMPILATION_CONDITIONS = DEBUG;
				SWIFT_OPTIMIZATION_LEVEL = "-Onone";
				TARGETED_DEVICE_FAMILY = "1,2";
			};
			name = Debug;
		};
		CE257E081EF915F1004E9511 /* Release */ = {
			isa = XCBuildConfiguration;
			buildSettings = {
				ALWAYS_SEARCH_USER_PATHS = NO;
				CLANG_ANALYZER_NONNULL = YES;
				CLANG_CXX_LANGUAGE_STANDARD = "gnu++0x";
				CLANG_CXX_LIBRARY = "libc++";
				CLANG_ENABLE_MODULES = YES;
				CLANG_ENABLE_OBJC_ARC = YES;
				CLANG_WARN_BOOL_CONVERSION = YES;
				CLANG_WARN_CONSTANT_CONVERSION = YES;
				CLANG_WARN_DIRECT_OBJC_ISA_USAGE = YES_ERROR;
				CLANG_WARN_DOCUMENTATION_COMMENTS = YES;
				CLANG_WARN_EMPTY_BODY = YES;
				CLANG_WARN_ENUM_CONVERSION = YES;
				CLANG_WARN_INFINITE_RECURSION = YES;
				CLANG_WARN_INT_CONVERSION = YES;
				CLANG_WARN_OBJC_ROOT_CLASS = YES_ERROR;
				CLANG_WARN_SUSPICIOUS_MOVES = YES;
				CLANG_WARN_UNREACHABLE_CODE = YES;
				CLANG_WARN__DUPLICATE_METHOD_MATCH = YES;
				"CODE_SIGN_IDENTITY[sdk=iphoneos*]" = "iPhone Developer";
				COPY_PHASE_STRIP = NO;
				DEBUG_INFORMATION_FORMAT = "dwarf-with-dsym";
				ENABLE_NS_ASSERTIONS = NO;
				ENABLE_STRICT_OBJC_MSGSEND = YES;
				GCC_C_LANGUAGE_STANDARD = gnu99;
				GCC_NO_COMMON_BLOCKS = YES;
				GCC_WARN_64_TO_32_BIT_CONVERSION = YES;
				GCC_WARN_ABOUT_RETURN_TYPE = YES_ERROR;
				GCC_WARN_UNDECLARED_SELECTOR = YES;
				GCC_WARN_UNINITIALIZED_AUTOS = YES_AGGRESSIVE;
				GCC_WARN_UNUSED_FUNCTION = YES;
				GCC_WARN_UNUSED_VARIABLE = YES;
				IPHONEOS_DEPLOYMENT_TARGET = 10.0;
				MTL_ENABLE_DEBUG_INFO = NO;
				SDKROOT = iphoneos;
				SWIFT_OPTIMIZATION_LEVEL = "-Owholemodule";
				TARGETED_DEVICE_FAMILY = "1,2";
				VALIDATE_PRODUCT = YES;
			};
			name = Release;
		};
		CE257E0A1EF915F1004E9511 /* Debug */ = {
			isa = XCBuildConfiguration;
			buildSettings = {
				ASSETCATALOG_COMPILER_APPICON_NAME = AppIcon;
				DEVELOPMENT_TEAM = 8539ME5Z8R;
				INFOPLIST_FILE = ToDo/Info.plist;
				LD_RUNPATH_SEARCH_PATHS = "$(inherited) @executable_path/Frameworks";
				PRODUCT_BUNDLE_IDENTIFIER = com.example.ToDo;
				PRODUCT_NAME = "$(TARGET_NAME)";
				SWIFT_VERSION = 3.0;
			};
			name = Debug;
		};
		CE257E0B1EF915F1004E9511 /* Release */ = {
			isa = XCBuildConfiguration;
			buildSettings = {
				ASSETCATALOG_COMPILER_APPICON_NAME = AppIcon;
				DEVELOPMENT_TEAM = 8539ME5Z8R;
				INFOPLIST_FILE = ToDo/Info.plist;
				LD_RUNPATH_SEARCH_PATHS = "$(inherited) @executable_path/Frameworks";
				PRODUCT_BUNDLE_IDENTIFIER = com.example.ToDo;
				PRODUCT_NAME = "$(TARGET_NAME)";
				SWIFT_VERSION = 3.0;
			};
			name = Release;
		};
		CE257E0D1EF915F1004E9511 /* Debug */ = {
			isa = XCBuildConfiguration;
			buildSettings = {
				ALWAYS_EMBED_SWIFT_STANDARD_LIBRARIES = YES;
				BUNDLE_LOADER = "$(TEST_HOST)";
				DEVELOPMENT_TEAM = 8539ME5Z8R;
				INFOPLIST_FILE = ToDoTests/Info.plist;
				LD_RUNPATH_SEARCH_PATHS = "$(inherited) @executable_path/Frameworks @loader_path/Frameworks";
				PRODUCT_BUNDLE_IDENTIFIER = com.example.ToDoTests;
				PRODUCT_NAME = "$(TARGET_NAME)";
				SWIFT_VERSION = 3.0;
				TEST_HOST = "$(BUILT_PRODUCTS_DIR)/ToDo.app/ToDo";
			};
			name = Debug;
		};
		CE257E0E1EF915F1004E9511 /* Release */ = {
			isa = XCBuildConfiguration;
			buildSettings = {
				ALWAYS_EMBED_SWIFT_STANDARD_LIBRARIES = YES;
				BUNDLE_LOADER = "$(TEST_HOST)";
				DEVELOPMENT_TEAM = 8539ME5Z8R;
				INFOPLIST_FILE = ToDoTests/Info.plist;
				LD_RUNPATH_SEARCH_PATHS = "$(inherited) @executable_path/Frameworks @loader_path/Frameworks";
				PRODUCT_BUNDLE_IDENTIFIER = com.example.ToDoTests;
				PRODUCT_NAME = "$(TARGET_NAME)";
				SWIFT_VERSION = 3.0;
				TEST_HOST = "$(BUILT_PRODUCTS_DIR)/ToDo.app/ToDo";
			};
			name = Release;
		};
/* End XCBuildConfiguration section */

/* Begin XCConfigurationList section */
		CE257DE51EF915F1004E9511 /* Build configuration list for PBXProject "ToDo" */ = {
			isa = XCConfigurationList;
			buildConfigurations = (
				CE257E071EF915F1004E9511 /* Debug */,
				CE257E081EF915F1004E9511 /* Release */,
			);
			defaultConfigurationIsVisible = 0;
			defaultConfigurationName = Release;
		};
		CE257E091EF915F1004E9511 /* Build configuration list for PBXNativeTarget "ToDo" */ = {
			isa = XCConfigurationList;
			buildConfigurations = (
				CE257E0A1EF915F1004E9511 /* Debug */,
				CE257E0B1EF915F1004E9511 /* Release */,
			);
			defaultConfigurationIsVisible = 0;
		};
		CE257E0C1EF915F1004E9511 /* Build configuration list for PBXNativeTarget "ToDoTests" */ = {
			isa = XCConfigurationList;
			buildConfigurations = (
				CE257E0D1EF915F1004E9511 /* Debug */,
				CE257E0E1EF915F1004E9511 /* Release */,
			);
			defaultConfigurationIsVisible = 0;
		};
/* End XCConfigurationList section */
	};
	rootObject = CE257DE21EF915F1004E9511 /* Project object */;
}
